
Microsoft Visual Studio Solution File, Format Version 12.00
# Visual Studio 2017
Project("{FAE04EC0-301F-11D3-BF4B-00C04F79EFBC}") = "projeto de desenvolvimento de jogos", "projeto de desenvolvimento de jogos.csproj", "{266C218E-1B7B-FA7F-152E-223F5DED778A}"
EndProject
Project("{FAE04EC0-301F-11D3-BF4B-00C04F79EFBC}") = "projeto de desenvolvimento de jogos.Editor", "projeto de desenvolvimento de jogos.Editor.csproj", "{41AF37E3-11C0-AFCB-FA03-CBDBCF08F88D}"
EndProject
Project("{FAE04EC0-301F-11D3-BF4B-00C04F79EFBC}") = "projeto de desenvolvimento de jogos.Editor", "projeto de desenvolvimento de jogos.Editor.csproj", "{41AF37E3-11C0-AFCB-FA03-CBDBCF08F88D}"
EndProject
Project("{FAE04EC0-301F-11D3-BF4B-00C04F79EFBC}") = "projeto de desenvolvimento de jogos.Editor", "projeto de desenvolvimento de jogos.Editor.csproj", "{41AF37E3-11C0-AFCB-FA03-CBDBCF08F88D}"
EndProject
Global
	GlobalSection(SolutionConfigurationPlatforms) = preSolution
		Debug|Any CPU = Debug|Any CPU
		Release|Any CPU = Release|Any CPU
	EndGlobalSection
	GlobalSection(ProjectConfigurationPlatforms) = postSolution
		{266C218E-1B7B-FA7F-152E-223F5DED778A}.Debug|Any CPU.ActiveCfg = Debug|Any CPU
		{266C218E-1B7B-FA7F-152E-223F5DED778A}.Debug|Any CPU.Build.0 = Debug|Any CPU
		{266C218E-1B7B-FA7F-152E-223F5DED778A}.Release|Any CPU.ActiveCfg = Release|Any CPU
		{266C218E-1B7B-FA7F-152E-223F5DED778A}.Release|Any CPU.Build.0 = Release|Any CPU
		{41AF37E3-11C0-AFCB-FA03-CBDBCF08F88D}.Debug|Any CPU.ActiveCfg = Debug|Any CPU
		{41AF37E3-11C0-AFCB-FA03-CBDBCF08F88D}.Debug|Any CPU.Build.0 = Debug|Any CPU
		{41AF37E3-11C0-AFCB-FA03-CBDBCF08F88D}.Release|Any CPU.ActiveCfg = Release|Any CPU
		{41AF37E3-11C0-AFCB-FA03-CBDBCF08F88D}.Release|Any CPU.Build.0 = Release|Any CPU
		{41AF37E3-11C0-AFCB-FA03-CBDBCF08F88D}.Debug|Any CPU.ActiveCfg = Debug|Any CPU
		{41AF37E3-11C0-AFCB-FA03-CBDBCF08F88D}.Debug|Any CPU.Build.0 = Debug|Any CPU
		{41AF37E3-11C0-AFCB-FA03-CBDBCF08F88D}.Release|Any CPU.ActiveCfg = Release|Any CPU
		{41AF37E3-11C0-AFCB-FA03-CBDBCF08F88D}.Release|Any CPU.Build.0 = Release|Any CPU
		{41AF37E3-11C0-AFCB-FA03-CBDBCF08F88D}.Debug|Any CPU.ActiveCfg = Debug|Any CPU
		{41AF37E3-11C0-AFCB-FA03-CBDBCF08F88D}.Debug|Any CPU.Build.0 = Debug|Any CPU
		{41AF37E3-11C0-AFCB-FA03-CBDBCF08F88D}.Release|Any CPU.ActiveCfg = Release|Any CPU
		{41AF37E3-11C0-AFCB-FA03-CBDBCF08F88D}.Release|Any CPU.Build.0 = Release|Any CPU
	EndGlobalSection
	GlobalSection(SolutionProperties) = preSolution
		HideSolutionNode = FALSE
	EndGlobalSection
EndGlobal
