
Microsoft Visual Studio Solution File, Format Version 12.00
# Visual Studio 15
VisualStudioVersion = 15.0.26730.12
MinimumVisualStudioVersion = 10.0.40219.1
Project("{FAE04EC0-301F-11D3-BF4B-00C04F79EFBC}") = "projeto4", "projeto4.csproj", "{F02702D8-C932-D98A-4409-E7B5D77E2E81}"
EndProject
Project("{FAE04EC0-301F-11D3-BF4B-00C04F79EFBC}") = "projeto4.Editor", "projeto4.Editor.csproj", "{AA25A860-577C-1EBF-19F1-0DDD26915905}"
EndProject
Global
	GlobalSection(SolutionConfigurationPlatforms) = preSolution
		Debug|Any CPU = Debug|Any CPU
		Release|Any CPU = Release|Any CPU
	EndGlobalSection
	GlobalSection(ProjectConfigurationPlatforms) = postSolution
		{F02702D8-C932-D98A-4409-E7B5D77E2E81}.Debug|Any CPU.ActiveCfg = Debug|Any CPU
		{F02702D8-C932-D98A-4409-E7B5D77E2E81}.Debug|Any CPU.Build.0 = Debug|Any CPU
		{F02702D8-C932-D98A-4409-E7B5D77E2E81}.Release|Any CPU.ActiveCfg = Release|Any CPU
		{F02702D8-C932-D98A-4409-E7B5D77E2E81}.Release|Any CPU.Build.0 = Release|Any CPU
		{AA25A860-577C-1EBF-19F1-0DDD26915905}.Debug|Any CPU.ActiveCfg = Debug|Any CPU
		{AA25A860-577C-1EBF-19F1-0DDD26915905}.Debug|Any CPU.Build.0 = Debug|Any CPU
		{AA25A860-577C-1EBF-19F1-0DDD26915905}.Release|Any CPU.ActiveCfg = Release|Any CPU
		{AA25A860-577C-1EBF-19F1-0DDD26915905}.Release|Any CPU.Build.0 = Release|Any CPU
	EndGlobalSection
	GlobalSection(SolutionProperties) = preSolution
		HideSolutionNode = FALSE
	EndGlobalSection
	GlobalSection(ExtensibilityGlobals) = postSolution
		SolutionGuid = {368B0280-D501-4FA8-8BB0-F29145BB34FC}
	EndGlobalSection
EndGlobal
