
Microsoft Visual Studio Solution File, Format Version 12.00
# Visual Studio 2017
Project("{FAE04EC0-301F-11D3-BF4B-00C04F79EFBC}") = "projeto3", "projeto3.csproj", "{4948DEE8-2478-3067-CF6E-D58A25EA37E3}"
EndProject
Project("{FAE04EC0-301F-11D3-BF4B-00C04F79EFBC}") = "projeto3", "projeto3.csproj", "{4948DEE8-2478-3067-CF6E-D58A25EA37E3}"
EndProject
Project("{FAE04EC0-301F-11D3-BF4B-00C04F79EFBC}") = "projeto3", "projeto3.csproj", "{4948DEE8-2478-3067-CF6E-D58A25EA37E3}"
EndProject
Project("{FAE04EC0-301F-11D3-BF4B-00C04F79EFBC}") = "projeto3.Editor", "projeto3.Editor.csproj", "{05A68E1E-982A-F7B6-335F-09C8B77A7A88}"
EndProject
Project("{FAE04EC0-301F-11D3-BF4B-00C04F79EFBC}") = "projeto3.Editor", "projeto3.Editor.csproj", "{05A68E1E-982A-F7B6-335F-09C8B77A7A88}"
EndProject
Project("{FAE04EC0-301F-11D3-BF4B-00C04F79EFBC}") = "projeto3.Editor", "projeto3.Editor.csproj", "{05A68E1E-982A-F7B6-335F-09C8B77A7A88}"
EndProject
Global
	GlobalSection(SolutionConfigurationPlatforms) = preSolution
		Debug|Any CPU = Debug|Any CPU
		Release|Any CPU = Release|Any CPU
	EndGlobalSection
	GlobalSection(ProjectConfigurationPlatforms) = postSolution
		{4948DEE8-2478-3067-CF6E-D58A25EA37E3}.Debug|Any CPU.ActiveCfg = Debug|Any CPU
		{4948DEE8-2478-3067-CF6E-D58A25EA37E3}.Debug|Any CPU.Build.0 = Debug|Any CPU
		{4948DEE8-2478-3067-CF6E-D58A25EA37E3}.Release|Any CPU.ActiveCfg = Release|Any CPU
		{4948DEE8-2478-3067-CF6E-D58A25EA37E3}.Release|Any CPU.Build.0 = Release|Any CPU
		{4948DEE8-2478-3067-CF6E-D58A25EA37E3}.Debug|Any CPU.ActiveCfg = Debug|Any CPU
		{4948DEE8-2478-3067-CF6E-D58A25EA37E3}.Debug|Any CPU.Build.0 = Debug|Any CPU
		{4948DEE8-2478-3067-CF6E-D58A25EA37E3}.Release|Any CPU.ActiveCfg = Release|Any CPU
		{4948DEE8-2478-3067-CF6E-D58A25EA37E3}.Release|Any CPU.Build.0 = Release|Any CPU
		{4948DEE8-2478-3067-CF6E-D58A25EA37E3}.Debug|Any CPU.ActiveCfg = Debug|Any CPU
		{4948DEE8-2478-3067-CF6E-D58A25EA37E3}.Debug|Any CPU.Build.0 = Debug|Any CPU
		{4948DEE8-2478-3067-CF6E-D58A25EA37E3}.Release|Any CPU.ActiveCfg = Release|Any CPU
		{4948DEE8-2478-3067-CF6E-D58A25EA37E3}.Release|Any CPU.Build.0 = Release|Any CPU
		{05A68E1E-982A-F7B6-335F-09C8B77A7A88}.Debug|Any CPU.ActiveCfg = Debug|Any CPU
		{05A68E1E-982A-F7B6-335F-09C8B77A7A88}.Debug|Any CPU.Build.0 = Debug|Any CPU
		{05A68E1E-982A-F7B6-335F-09C8B77A7A88}.Release|Any CPU.ActiveCfg = Release|Any CPU
		{05A68E1E-982A-F7B6-335F-09C8B77A7A88}.Release|Any CPU.Build.0 = Release|Any CPU
		{05A68E1E-982A-F7B6-335F-09C8B77A7A88}.Debug|Any CPU.ActiveCfg = Debug|Any CPU
		{05A68E1E-982A-F7B6-335F-09C8B77A7A88}.Debug|Any CPU.Build.0 = Debug|Any CPU
		{05A68E1E-982A-F7B6-335F-09C8B77A7A88}.Release|Any CPU.ActiveCfg = Release|Any CPU
		{05A68E1E-982A-F7B6-335F-09C8B77A7A88}.Release|Any CPU.Build.0 = Release|Any CPU
		{05A68E1E-982A-F7B6-335F-09C8B77A7A88}.Debug|Any CPU.ActiveCfg = Debug|Any CPU
		{05A68E1E-982A-F7B6-335F-09C8B77A7A88}.Debug|Any CPU.Build.0 = Debug|Any CPU
		{05A68E1E-982A-F7B6-335F-09C8B77A7A88}.Release|Any CPU.ActiveCfg = Release|Any CPU
		{05A68E1E-982A-F7B6-335F-09C8B77A7A88}.Release|Any CPU.Build.0 = Release|Any CPU
	EndGlobalSection
	GlobalSection(SolutionProperties) = preSolution
		HideSolutionNode = FALSE
	EndGlobalSection
EndGlobal
